
Microsoft Visual Studio Solution File, Format Version 12.00
# Visual Studio Version 17
VisualStudioVersion = 17.5.33530.505
MinimumVisualStudioVersion = 10.0.40219.1
Project("{9A19103F-16F7-4668-BE54-9A1E7A4F7556}") = "utn.2023.programacion", "utn.2023.programacion.csproj", "{F0F47F18-233B-47D0-B7E3-D4D3BAD3C8F6}"
EndProject
Global
	GlobalSection(SolutionConfigurationPlatforms) = preSolution
		Debug|Any CPU = Debug|Any CPU
		Release|Any CPU = Release|Any CPU
	EndGlobalSection
	GlobalSection(ProjectConfigurationPlatforms) = postSolution
		{F0F47F18-233B-47D0-B7E3-D4D3BAD3C8F6}.Debug|Any CPU.ActiveCfg = Debug|Any CPU
		{F0F47F18-233B-47D0-B7E3-D4D3BAD3C8F6}.Debug|Any CPU.Build.0 = Debug|Any CPU
		{F0F47F18-233B-47D0-B7E3-D4D3BAD3C8F6}.Release|Any CPU.ActiveCfg = Release|Any CPU
		{F0F47F18-233B-47D0-B7E3-D4D3BAD3C8F6}.Release|Any CPU.Build.0 = Release|Any CPU
	EndGlobalSection
	GlobalSection(SolutionProperties) = preSolution
		HideSolutionNode = FALSE
	EndGlobalSection
	GlobalSection(ExtensibilityGlobals) = postSolution
		SolutionGuid = {CA6DFBEE-7313-4DB2-8428-4F48813EBF19}
	EndGlobalSection
EndGlobal
