
Microsoft Visual Studio Solution File, Format Version 12.00
# Visual Studio Version 17
VisualStudioVersion = 17.5.33627.172
MinimumVisualStudioVersion = 10.0.40219.1
Project("{FAE04EC0-301F-11D3-BF4B-00C04F79EFBC}") = "ConsoleApp2", "ConsoleApp2.csproj", "{0CFB3B3A-C149-4639-B421-4E9317BD15F1}"
EndProject
Global
	GlobalSection(SolutionConfigurationPlatforms) = preSolution
		Debug|Any CPU = Debug|Any CPU
		Release|Any CPU = Release|Any CPU
	EndGlobalSection
	GlobalSection(ProjectConfigurationPlatforms) = postSolution
		{0CFB3B3A-C149-4639-B421-4E9317BD15F1}.Debug|Any CPU.ActiveCfg = Debug|Any CPU
		{0CFB3B3A-C149-4639-B421-4E9317BD15F1}.Debug|Any CPU.Build.0 = Debug|Any CPU
		{0CFB3B3A-C149-4639-B421-4E9317BD15F1}.Release|Any CPU.ActiveCfg = Release|Any CPU
		{0CFB3B3A-C149-4639-B421-4E9317BD15F1}.Release|Any CPU.Build.0 = Release|Any CPU
	EndGlobalSection
	GlobalSection(SolutionProperties) = preSolution
		HideSolutionNode = FALSE
	EndGlobalSection
	GlobalSection(ExtensibilityGlobals) = postSolution
		SolutionGuid = {BB2E4EA0-896B-4892-B997-E431BB913E90}
	EndGlobalSection
EndGlobal
