
Microsoft Visual Studio Solution File, Format Version 12.00
# Visual Studio Version 17
VisualStudioVersion = 17.5.33530.505
MinimumVisualStudioVersion = 10.0.40219.1
Project("{FAE04EC0-301F-11D3-BF4B-00C04F79EFBC}") = "ConsoleApp1", "ConsoleApp1.csproj", "{194D857B-93DE-458A-84A5-D39AA9960DB4}"
EndProject
Global
	GlobalSection(SolutionConfigurationPlatforms) = preSolution
		Debug|Any CPU = Debug|Any CPU
		Release|Any CPU = Release|Any CPU
	EndGlobalSection
	GlobalSection(ProjectConfigurationPlatforms) = postSolution
		{194D857B-93DE-458A-84A5-D39AA9960DB4}.Debug|Any CPU.ActiveCfg = Debug|Any CPU
		{194D857B-93DE-458A-84A5-D39AA9960DB4}.Debug|Any CPU.Build.0 = Debug|Any CPU
		{194D857B-93DE-458A-84A5-D39AA9960DB4}.Release|Any CPU.ActiveCfg = Release|Any CPU
		{194D857B-93DE-458A-84A5-D39AA9960DB4}.Release|Any CPU.Build.0 = Release|Any CPU
	EndGlobalSection
	GlobalSection(SolutionProperties) = preSolution
		HideSolutionNode = FALSE
	EndGlobalSection
	GlobalSection(ExtensibilityGlobals) = postSolution
		SolutionGuid = {710E9108-44E7-4EC1-A1E4-DF1977ADCB52}
	EndGlobalSection
EndGlobal
